
Microsoft Visual Studio Solution File, Format Version 12.00
# Visual Studio Version 16
VisualStudioVersion = 16.0.35706.149
MinimumVisualStudioVersion = 10.0.40219.1
Project("{8BC9CEB8-8B4A-11D0-8D11-00A0C91BC942}") = "QtWidgetsApplication4", "QtWidgetsApplication4\QtWidgetsApplication4.vcxproj", "{478332EB-8592-43F0-AD6D-CF2778F4651E}"
EndProject
Project("{8BC9CEB8-8B4A-11D0-8D11-00A0C91BC942}") = "QtWidgetsApplication1", "QtWidgetsApplication1\QtWidgetsApplication1.vcxproj", "{9325C411-10F6-44EF-9055-3E1F08D64E35}"
EndProject
Global
	GlobalSection(SolutionConfigurationPlatforms) = preSolution
		Debug|x64 = Debug|x64
		Release|x64 = Release|x64
	EndGlobalSection
	GlobalSection(ProjectConfigurationPlatforms) = postSolution
		{478332EB-8592-43F0-AD6D-CF2778F4651E}.Debug|x64.ActiveCfg = Debug|x64
		{478332EB-8592-43F0-AD6D-CF2778F4651E}.Debug|x64.Build.0 = Debug|x64
		{478332EB-8592-43F0-AD6D-CF2778F4651E}.Release|x64.ActiveCfg = Release|x64
		{478332EB-8592-43F0-AD6D-CF2778F4651E}.Release|x64.Build.0 = Release|x64
		{9325C411-10F6-44EF-9055-3E1F08D64E35}.Debug|x64.ActiveCfg = Debug|x64
		{9325C411-10F6-44EF-9055-3E1F08D64E35}.Debug|x64.Build.0 = Debug|x64
		{9325C411-10F6-44EF-9055-3E1F08D64E35}.Release|x64.ActiveCfg = Release|x64
		{9325C411-10F6-44EF-9055-3E1F08D64E35}.Release|x64.Build.0 = Release|x64
	EndGlobalSection
	GlobalSection(SolutionProperties) = preSolution
		HideSolutionNode = FALSE
	EndGlobalSection
	GlobalSection(ExtensibilityGlobals) = postSolution
		SolutionGuid = {AA32F35E-9932-4494-BF66-090D4E624B88}
	EndGlobalSection
EndGlobal
